
Microsoft Visual Studio Solution File, Format Version 12.00
# Visual Studio Version 17
VisualStudioVersion = 17.10.35013.160
MinimumVisualStudioVersion = 10.0.40219.1
Project("{9A19103F-16F7-4668-BE54-9A1E7A4F7556}") = "XRFAgentConfig", "XRFAgentConfig.csproj", "{C3746B20-6A43-4D37-BFC3-BC77E81E8E66}"
EndProject
Global
	GlobalSection(SolutionConfigurationPlatforms) = preSolution
		Debug|Any CPU = Debug|Any CPU
		Release|Any CPU = Release|Any CPU
	EndGlobalSection
	GlobalSection(ProjectConfigurationPlatforms) = postSolution
		{C3746B20-6A43-4D37-BFC3-BC77E81E8E66}.Debug|Any CPU.ActiveCfg = Debug|Any CPU
		{C3746B20-6A43-4D37-BFC3-BC77E81E8E66}.Debug|Any CPU.Build.0 = Debug|Any CPU
		{C3746B20-6A43-4D37-BFC3-BC77E81E8E66}.Release|Any CPU.ActiveCfg = Release|Any CPU
		{C3746B20-6A43-4D37-BFC3-BC77E81E8E66}.Release|Any CPU.Build.0 = Release|Any CPU
	EndGlobalSection
	GlobalSection(SolutionProperties) = preSolution
		HideSolutionNode = FALSE
	EndGlobalSection
	GlobalSection(ExtensibilityGlobals) = postSolution
		SolutionGuid = {AF0F3CE3-D56C-4B7E-95BA-D0C9CEE5CD60}
	EndGlobalSection
EndGlobal
